<Solution>
  <Project Path="Assembly-CSharp.csproj" />
  <Project Path="MagicLeap.SetupTool.Editor.csproj" />
  <Project Path="Mediapipe.Unity.Sample.csproj" />
  <Project Path="Unity.XR.Interaction.Toolkit.Samples.StarterAssets.csproj" />
  <Project Path="ControllerSample.csproj" />
  <Project Path="Unity.XR.Interaction.Toolkit.Samples.ARStarterAssets.csproj" />
  <Project Path="ThirdParty.Bunny83.simpleJson.csproj" />
  <Project Path="Unity.XR.Interaction.Toolkit.Samples.ARStarterAssets.Editor.csproj" />
  <Project Path="Unity.XR.Interaction.Toolkit.Samples.StarterAssets.Editor.csproj" />
</Solution>
